
Microsoft Visual Studio Solution File, Format Version 12.00
# Visual Studio 15
VisualStudioVersion = 15.0.26124.0
MinimumVisualStudioVersion = 15.0.26124.0
Project("{9A19103F-16F7-4668-BE54-9A1E7A4F7556}") = "BolilleroBiblioteca", "BolilleroBiblioteca\BolilleroBiblioteca.csproj", "{120CC0D4-195C-409D-9F62-3E2244EEF5A9}"
EndProject
Project("{9A19103F-16F7-4668-BE54-9A1E7A4F7556}") = "BolilleroConsola", "BolilleroConsola\BolilleroConsola.csproj", "{624EEF17-5F88-4C5A-96B6-E3135A42898C}"
EndProject
Global
	GlobalSection(SolutionConfigurationPlatforms) = preSolution
		Debug|Any CPU = Debug|Any CPU
		Debug|x64 = Debug|x64
		Debug|x86 = Debug|x86
		Release|Any CPU = Release|Any CPU
		Release|x64 = Release|x64
		Release|x86 = Release|x86
	EndGlobalSection
	GlobalSection(ProjectConfigurationPlatforms) = postSolution
		{120CC0D4-195C-409D-9F62-3E2244EEF5A9}.Debug|Any CPU.ActiveCfg = Debug|Any CPU
		{120CC0D4-195C-409D-9F62-3E2244EEF5A9}.Debug|Any CPU.Build.0 = Debug|Any CPU
		{120CC0D4-195C-409D-9F62-3E2244EEF5A9}.Debug|x64.ActiveCfg = Debug|Any CPU
		{120CC0D4-195C-409D-9F62-3E2244EEF5A9}.Debug|x64.Build.0 = Debug|Any CPU
		{120CC0D4-195C-409D-9F62-3E2244EEF5A9}.Debug|x86.ActiveCfg = Debug|Any CPU
		{120CC0D4-195C-409D-9F62-3E2244EEF5A9}.Debug|x86.Build.0 = Debug|Any CPU
		{120CC0D4-195C-409D-9F62-3E2244EEF5A9}.Release|Any CPU.ActiveCfg = Release|Any CPU
		{120CC0D4-195C-409D-9F62-3E2244EEF5A9}.Release|Any CPU.Build.0 = Release|Any CPU
		{120CC0D4-195C-409D-9F62-3E2244EEF5A9}.Release|x64.ActiveCfg = Release|Any CPU
		{120CC0D4-195C-409D-9F62-3E2244EEF5A9}.Release|x64.Build.0 = Release|Any CPU
		{120CC0D4-195C-409D-9F62-3E2244EEF5A9}.Release|x86.ActiveCfg = Release|Any CPU
		{120CC0D4-195C-409D-9F62-3E2244EEF5A9}.Release|x86.Build.0 = Release|Any CPU
		{624EEF17-5F88-4C5A-96B6-E3135A42898C}.Debug|Any CPU.ActiveCfg = Debug|Any CPU
		{624EEF17-5F88-4C5A-96B6-E3135A42898C}.Debug|Any CPU.Build.0 = Debug|Any CPU
		{624EEF17-5F88-4C5A-96B6-E3135A42898C}.Debug|x64.ActiveCfg = Debug|Any CPU
		{624EEF17-5F88-4C5A-96B6-E3135A42898C}.Debug|x64.Build.0 = Debug|Any CPU
		{624EEF17-5F88-4C5A-96B6-E3135A42898C}.Debug|x86.ActiveCfg = Debug|Any CPU
		{624EEF17-5F88-4C5A-96B6-E3135A42898C}.Debug|x86.Build.0 = Debug|Any CPU
		{624EEF17-5F88-4C5A-96B6-E3135A42898C}.Release|Any CPU.ActiveCfg = Release|Any CPU
		{624EEF17-5F88-4C5A-96B6-E3135A42898C}.Release|Any CPU.Build.0 = Release|Any CPU
		{624EEF17-5F88-4C5A-96B6-E3135A42898C}.Release|x64.ActiveCfg = Release|Any CPU
		{624EEF17-5F88-4C5A-96B6-E3135A42898C}.Release|x64.Build.0 = Release|Any CPU
		{624EEF17-5F88-4C5A-96B6-E3135A42898C}.Release|x86.ActiveCfg = Release|Any CPU
		{624EEF17-5F88-4C5A-96B6-E3135A42898C}.Release|x86.Build.0 = Release|Any CPU
	EndGlobalSection
	GlobalSection(SolutionProperties) = preSolution
		HideSolutionNode = FALSE
	EndGlobalSection
	GlobalSection(ExtensibilityGlobals) = postSolution
		SolutionGuid = {3345D837-1128-41B1-9884-8314A1E1B861}
	EndGlobalSection
EndGlobal
